
Microsoft Visual Studio Solution File, Format Version 12.00
# Visual Studio Version 16
VisualStudioVersion = 16.0.30114.105
MinimumVisualStudioVersion = 10.0.40219.1
Project("{FAE04EC0-301F-11D3-BF4B-00C04F79EFBC}") = "PictureViewer", "PictureViewer.csproj", "{A957D5E3-D303-469B-974E-7AC959F499E9}"
EndProject
Global
	GlobalSection(SolutionConfigurationPlatforms) = preSolution
		Debug|Any CPU = Debug|Any CPU
		Release|Any CPU = Release|Any CPU
	EndGlobalSection
	GlobalSection(ProjectConfigurationPlatforms) = postSolution
		{A957D5E3-D303-469B-974E-7AC959F499E9}.Debug|Any CPU.ActiveCfg = Debug|Any CPU
		{A957D5E3-D303-469B-974E-7AC959F499E9}.Debug|Any CPU.Build.0 = Debug|Any CPU
		{A957D5E3-D303-469B-974E-7AC959F499E9}.Release|Any CPU.ActiveCfg = Release|Any CPU
		{A957D5E3-D303-469B-974E-7AC959F499E9}.Release|Any CPU.Build.0 = Release|Any CPU
	EndGlobalSection
	GlobalSection(SolutionProperties) = preSolution
		HideSolutionNode = FALSE
	EndGlobalSection
	GlobalSection(ExtensibilityGlobals) = postSolution
		SolutionGuid = {69E60C1D-3C82-49E6-8D3A-DFD569B05887}
	EndGlobalSection
EndGlobal
